
Microsoft Visual Studio Solution File, Format Version 12.00
# Visual Studio 2012
Project("{FAE04EC0-301F-11D3-BF4B-00C04F79EFBC}") = "WCFTools", "WCFTools\WCFTools.csproj", "{A439BB7A-48CA-49A9-98F8-3CF2C484A87B}"
EndProject
Project("{FAE04EC0-301F-11D3-BF4B-00C04F79EFBC}") = "WCFMonoService", "WCFMonoService\WCFMonoService.csproj", "{3AFBD8C8-A0A6-4632-B7F2-DA8159189ADD}"
EndProject
Project("{FAE04EC0-301F-11D3-BF4B-00C04F79EFBC}") = "TMSRestAPICheck", "TMSRestAPICheck\TMSRestAPICheck.csproj", "{D7898563-F7BA-4251-AAFA-7BECCA29C687}"
EndProject
Global
	GlobalSection(SolutionConfigurationPlatforms) = preSolution
		Debug|x86 = Debug|x86
		Release|x86 = Release|x86
	EndGlobalSection
	GlobalSection(ProjectConfigurationPlatforms) = postSolution
		{3AFBD8C8-A0A6-4632-B7F2-DA8159189ADD}.Debug|x86.ActiveCfg = Debug|x86
		{3AFBD8C8-A0A6-4632-B7F2-DA8159189ADD}.Debug|x86.Build.0 = Debug|x86
		{3AFBD8C8-A0A6-4632-B7F2-DA8159189ADD}.Release|x86.ActiveCfg = Release|x86
		{3AFBD8C8-A0A6-4632-B7F2-DA8159189ADD}.Release|x86.Build.0 = Release|x86
		{A439BB7A-48CA-49A9-98F8-3CF2C484A87B}.Debug|x86.ActiveCfg = Debug|x86
		{A439BB7A-48CA-49A9-98F8-3CF2C484A87B}.Debug|x86.Build.0 = Debug|x86
		{A439BB7A-48CA-49A9-98F8-3CF2C484A87B}.Release|x86.ActiveCfg = Release|x86
		{A439BB7A-48CA-49A9-98F8-3CF2C484A87B}.Release|x86.Build.0 = Release|x86
		{D7898563-F7BA-4251-AAFA-7BECCA29C687}.Debug|x86.ActiveCfg = Debug|x86
		{D7898563-F7BA-4251-AAFA-7BECCA29C687}.Debug|x86.Build.0 = Debug|x86
		{D7898563-F7BA-4251-AAFA-7BECCA29C687}.Release|x86.ActiveCfg = Release|x86
		{D7898563-F7BA-4251-AAFA-7BECCA29C687}.Release|x86.Build.0 = Release|x86
	EndGlobalSection
EndGlobal
